
Microsoft Visual Studio Solution File, Format Version 12.00
# Visual Studio Version 17
VisualStudioVersion = 17.14.36511.14
MinimumVisualStudioVersion = 10.0.40219.1
Project("{2150E333-8FDC-42A3-9474-1A3956D46DE8}") = "Task0", "Task0", "{02EA681E-C7D8-13C7-8484-4AC65E1B71E8}"
EndProject
Project("{FAE04EC0-301F-11D3-BF4B-00C04F79EFBC}") = "Tyuiu.KarnaukhovDA.Sprint1.Task0.V5", "Tyuiu.KarnaukhovDA.Sprint1.Task0.V5\Tyuiu.KarnaukhovDA.Sprint1.Task0.V5.csproj", "{3553C4A8-A4F3-4B31-8435-B61D7DA8B7EC}"
EndProject
Project("{FAE04EC0-301F-11D3-BF4B-00C04F79EFBC}") = "Tyuiu.KarnaukhovDA.Sprint1.Task0.V5.Lib", "Tyuiu.KarnaukhovDA.Sprint1.Task0.V5.Lib\Tyuiu.KarnaukhovDA.Sprint1.Task0.V5.Lib.csproj", "{19D15490-1BEE-456D-9FC1-2D1D86DA50A8}"
EndProject
Project("{FAE04EC0-301F-11D3-BF4B-00C04F79EFBC}") = "Tyuiu.KarnaukhovDA.Sprint1.Task0.V5.Test", "Tyuiu.KarnaukhovDA.Sprint1.Task0.V5.Test\Tyuiu.KarnaukhovDA.Sprint1.Task0.V5.Test.csproj", "{428D22C5-0AC9-43E5-9ACE-02B857300949}"
EndProject
Project("{2150E333-8FDC-42A3-9474-1A3956D46DE8}") = "Task1", "Task1", "{03C600D3-00D0-4174-9B2D-81BD166EAA0F}"
EndProject
Project("{FAE04EC0-301F-11D3-BF4B-00C04F79EFBC}") = "Tyuiu.KarnaukhovDA.Sprint1.Task1.V2", "Tyuiu.KarnaukhovDA.Sprint1.Task1.V2\Tyuiu.KarnaukhovDA.Sprint1.Task1.V2.csproj", "{1C33704B-4BAD-4174-BD1B-939D1021BE3E}"
EndProject
Project("{FAE04EC0-301F-11D3-BF4B-00C04F79EFBC}") = "Tyuiu.KarnaukhovDA.Sprint1.Task1.V2.Lib", "Tyuiu.KarnaukhovDA.Sprint1.Task1.V2.Lib\Tyuiu.KarnaukhovDA.Sprint1.Task1.V2.Lib.csproj", "{910014C3-481F-4D78-BA14-36CC8B961AFA}"
EndProject
Project("{FAE04EC0-301F-11D3-BF4B-00C04F79EFBC}") = "Tyuiu.KarnaukhovDA.Sprint1.Task1.V2.Test", "Tyuiu.KarnaukhovDA.Sprint1.Task1.V2.Test\Tyuiu.KarnaukhovDA.Sprint1.Task1.V2.Test.csproj", "{2D8A8D63-45D6-4947-88C8-9B623B9D5BE7}"
EndProject
Project("{2150E333-8FDC-42A3-9474-1A3956D46DE8}") = "Task2", "Task2", "{2559321B-4492-4AF8-A899-86E651F086CE}"
EndProject
Project("{FAE04EC0-301F-11D3-BF4B-00C04F79EFBC}") = "Tyuiu.KarnaukhovDA.Sprint1.Task2.V6", "Tyuiu.KarnaukhovDA.Sprint1.Task2.V6\Tyuiu.KarnaukhovDA.Sprint1.Task2.V6.csproj", "{FAF44784-65EB-4143-BC70-C8D1ADC28857}"
EndProject
Project("{FAE04EC0-301F-11D3-BF4B-00C04F79EFBC}") = "Tyuiu.KarnaukhovDA.Sprint1.Task2.V6.Lib", "Tyuiu.KarnaukhovDA.Sprint1.Task2.V6.Lib\Tyuiu.KarnaukhovDA.Sprint1.Task2.V6.Lib.csproj", "{93B4C534-FFA2-4D1E-BBAF-48B73511FAD5}"
EndProject
Project("{FAE04EC0-301F-11D3-BF4B-00C04F79EFBC}") = "Tyuiu.KarnaukhovDA.Sprint1.Task2.V6.Test", "Tyuiu.KarnaukhovDA.Sprint1.Task2.V6.Test\Tyuiu.KarnaukhovDA.Sprint1.Task2.V6.Test.csproj", "{259FE7A1-6724-467D-A710-735E594B0D5A}"
EndProject
Project("{2150E333-8FDC-42A3-9474-1A3956D46DE8}") = "Task3", "Task3", "{3ECCC6E8-F115-4832-A122-271AB7F83FA9}"
EndProject
Project("{FAE04EC0-301F-11D3-BF4B-00C04F79EFBC}") = "Tyuiu.KarnaukhovDA.Sprint1.Task3.V13", "Tyuiu.KarnaukhovDA.Sprint1.Task3.V13\Tyuiu.KarnaukhovDA.Sprint1.Task3.V13.csproj", "{3B692961-5EE0-45E0-BDB4-132ADB1FED0E}"
EndProject
Project("{FAE04EC0-301F-11D3-BF4B-00C04F79EFBC}") = "Tyuiu.KarnaukhovDA.Sprint1.Task3.V13.Lib", "Tyuiu.KarnaukhovDA.Sprint1.Task3.V13.Lib\Tyuiu.KarnaukhovDA.Sprint1.Task3.V13.Lib.csproj", "{50599631-C198-44A3-BDC0-6F23F4603EE6}"
EndProject
Project("{FAE04EC0-301F-11D3-BF4B-00C04F79EFBC}") = "Tyuiu.KarnaukhovDA.Sprint1.Task3.V13.Test", "Tyuiu.KarnaukhovDA.Sprint1.Task3.V13.Test\Tyuiu.KarnaukhovDA.Sprint1.Task3.V13.Test.csproj", "{72602938-7E1D-4EB6-A242-CCBDF5779AB7}"
EndProject
Project("{2150E333-8FDC-42A3-9474-1A3956D46DE8}") = "Task4", "Task4", "{738C0A1A-B299-409D-97D6-E5ED6C3C1132}"
EndProject
Project("{FAE04EC0-301F-11D3-BF4B-00C04F79EFBC}") = "Tyuiu.KarnaukhovDA.Sprint1.Task4.V5", "Tyuiu.KarnaukhovDA.Sprint1.Task4.V5\Tyuiu.KarnaukhovDA.Sprint1.Task4.V5.csproj", "{EACF71AF-BFA6-4979-AEEB-A6E59D6649A3}"
EndProject
Project("{FAE04EC0-301F-11D3-BF4B-00C04F79EFBC}") = "Tyuiu.KarnaukhovDA.Sprint1.Task4.V5.Lib", "Tyuiu.KarnaukhovDA.Sprint1.Task4.V5.Lib\Tyuiu.KarnaukhovDA.Sprint1.Task4.V5.Lib.csproj", "{A0439848-968B-4092-BD13-30FB6378FD0A}"
EndProject
Project("{FAE04EC0-301F-11D3-BF4B-00C04F79EFBC}") = "Tyuiu.KarnaukhovDA.Sprint1.Task4.V5.Test", "Tyuiu.KarnaukhovDA.Sprint1.Task4.V5.Test\Tyuiu.KarnaukhovDA.Sprint1.Task4.V5.Test.csproj", "{AF0B717A-E381-4A28-9410-9917126F508D}"
EndProject
Project("{2150E333-8FDC-42A3-9474-1A3956D46DE8}") = "Task5", "Task5", "{4EB768D7-7DF3-4C34-B9EA-7781A01DEE09}"
EndProject
Project("{FAE04EC0-301F-11D3-BF4B-00C04F79EFBC}") = "Tyuiu.KarnaukhovDA.Sprint1.Task5.V2", "Tyuiu.KarnaukhovDA.Sprint1.Task5.V2\Tyuiu.KarnaukhovDA.Sprint1.Task5.V2.csproj", "{FFCD5812-9819-4262-B61E-BB11A30473EA}"
EndProject
Project("{FAE04EC0-301F-11D3-BF4B-00C04F79EFBC}") = "Tyuiu.KarnaukhovDA.Sprint1.Task5.V2.Lib", "Tyuiu.KarnaukhovDA.Sprint1.Task5.V2.Lib\Tyuiu.KarnaukhovDA.Sprint1.Task5.V2.Lib.csproj", "{06FEDDD2-FA5E-43EC-8B66-187072184256}"
EndProject
Project("{FAE04EC0-301F-11D3-BF4B-00C04F79EFBC}") = "Tyuiu.KarnaukhovDA.Sprint1.Task5.V2.Test", "Tyuiu.KarnaukhovDA.Sprint1.Task5.V2.Test\Tyuiu.KarnaukhovDA.Sprint1.Task5.V2.Test.csproj", "{CB08FAF8-23F7-4768-8DA5-774ADFD34251}"
EndProject
Project("{2150E333-8FDC-42A3-9474-1A3956D46DE8}") = "Task6", "Task6", "{AA743141-4E27-4447-8350-19B5707ED09D}"
EndProject
Project("{FAE04EC0-301F-11D3-BF4B-00C04F79EFBC}") = "Tyuiu.KarnaukhovDA.Sprint1.Task6.V8", "Tyuiu.KarnaukhovDA.Sprint1.Task6.V8\Tyuiu.KarnaukhovDA.Sprint1.Task6.V8.csproj", "{64C41EEB-288E-4590-AF58-911951C122D5}"
EndProject
Project("{FAE04EC0-301F-11D3-BF4B-00C04F79EFBC}") = "Tyuiu.KarnaukhovDA.Sprint1.Task6.V8.Lib", "Tyuiu.KarnaukhovDA.Sprint1.Task6.V8.Lib\Tyuiu.KarnaukhovDA.Sprint1.Task6.V8.Lib.csproj", "{5E7FD045-6306-4449-AC05-12B6B22825DC}"
EndProject
Project("{FAE04EC0-301F-11D3-BF4B-00C04F79EFBC}") = "Tyuiu.KarnaukhovDA.Sprint1.Task6.V8.Test", "Tyuiu.KarnaukhovDA.Sprint1.Task6.V8.Test\Tyuiu.KarnaukhovDA.Sprint1.Task6.V8.Test.csproj", "{5CD26037-CA15-4DD5-9215-65C2CE201B2F}"
EndProject
Global
	GlobalSection(SolutionConfigurationPlatforms) = preSolution
		Debug|Any CPU = Debug|Any CPU
		Release|Any CPU = Release|Any CPU
	EndGlobalSection
	GlobalSection(ProjectConfigurationPlatforms) = postSolution
		{3553C4A8-A4F3-4B31-8435-B61D7DA8B7EC}.Debug|Any CPU.ActiveCfg = Debug|Any CPU
		{3553C4A8-A4F3-4B31-8435-B61D7DA8B7EC}.Debug|Any CPU.Build.0 = Debug|Any CPU
		{3553C4A8-A4F3-4B31-8435-B61D7DA8B7EC}.Release|Any CPU.ActiveCfg = Release|Any CPU
		{3553C4A8-A4F3-4B31-8435-B61D7DA8B7EC}.Release|Any CPU.Build.0 = Release|Any CPU
		{19D15490-1BEE-456D-9FC1-2D1D86DA50A8}.Debug|Any CPU.ActiveCfg = Debug|Any CPU
		{19D15490-1BEE-456D-9FC1-2D1D86DA50A8}.Debug|Any CPU.Build.0 = Debug|Any CPU
		{19D15490-1BEE-456D-9FC1-2D1D86DA50A8}.Release|Any CPU.ActiveCfg = Release|Any CPU
		{19D15490-1BEE-456D-9FC1-2D1D86DA50A8}.Release|Any CPU.Build.0 = Release|Any CPU
		{428D22C5-0AC9-43E5-9ACE-02B857300949}.Debug|Any CPU.ActiveCfg = Debug|Any CPU
		{428D22C5-0AC9-43E5-9ACE-02B857300949}.Debug|Any CPU.Build.0 = Debug|Any CPU
		{428D22C5-0AC9-43E5-9ACE-02B857300949}.Release|Any CPU.ActiveCfg = Release|Any CPU
		{428D22C5-0AC9-43E5-9ACE-02B857300949}.Release|Any CPU.Build.0 = Release|Any CPU
		{1C33704B-4BAD-4174-BD1B-939D1021BE3E}.Debug|Any CPU.ActiveCfg = Debug|Any CPU
		{1C33704B-4BAD-4174-BD1B-939D1021BE3E}.Debug|Any CPU.Build.0 = Debug|Any CPU
		{1C33704B-4BAD-4174-BD1B-939D1021BE3E}.Release|Any CPU.ActiveCfg = Release|Any CPU
		{1C33704B-4BAD-4174-BD1B-939D1021BE3E}.Release|Any CPU.Build.0 = Release|Any CPU
		{910014C3-481F-4D78-BA14-36CC8B961AFA}.Debug|Any CPU.ActiveCfg = Debug|Any CPU
		{910014C3-481F-4D78-BA14-36CC8B961AFA}.Debug|Any CPU.Build.0 = Debug|Any CPU
		{910014C3-481F-4D78-BA14-36CC8B961AFA}.Release|Any CPU.ActiveCfg = Release|Any CPU
		{910014C3-481F-4D78-BA14-36CC8B961AFA}.Release|Any CPU.Build.0 = Release|Any CPU
		{2D8A8D63-45D6-4947-88C8-9B623B9D5BE7}.Debug|Any CPU.ActiveCfg = Debug|Any CPU
		{2D8A8D63-45D6-4947-88C8-9B623B9D5BE7}.Debug|Any CPU.Build.0 = Debug|Any CPU
		{2D8A8D63-45D6-4947-88C8-9B623B9D5BE7}.Release|Any CPU.ActiveCfg = Release|Any CPU
		{2D8A8D63-45D6-4947-88C8-9B623B9D5BE7}.Release|Any CPU.Build.0 = Release|Any CPU
		{FAF44784-65EB-4143-BC70-C8D1ADC28857}.Debug|Any CPU.ActiveCfg = Debug|Any CPU
		{FAF44784-65EB-4143-BC70-C8D1ADC28857}.Debug|Any CPU.Build.0 = Debug|Any CPU
		{FAF44784-65EB-4143-BC70-C8D1ADC28857}.Release|Any CPU.ActiveCfg = Release|Any CPU
		{FAF44784-65EB-4143-BC70-C8D1ADC28857}.Release|Any CPU.Build.0 = Release|Any CPU
		{93B4C534-FFA2-4D1E-BBAF-48B73511FAD5}.Debug|Any CPU.ActiveCfg = Debug|Any CPU
		{93B4C534-FFA2-4D1E-BBAF-48B73511FAD5}.Debug|Any CPU.Build.0 = Debug|Any CPU
		{93B4C534-FFA2-4D1E-BBAF-48B73511FAD5}.Release|Any CPU.ActiveCfg = Release|Any CPU
		{93B4C534-FFA2-4D1E-BBAF-48B73511FAD5}.Release|Any CPU.Build.0 = Release|Any CPU
		{259FE7A1-6724-467D-A710-735E594B0D5A}.Debug|Any CPU.ActiveCfg = Debug|Any CPU
		{259FE7A1-6724-467D-A710-735E594B0D5A}.Debug|Any CPU.Build.0 = Debug|Any CPU
		{259FE7A1-6724-467D-A710-735E594B0D5A}.Release|Any CPU.ActiveCfg = Release|Any CPU
		{259FE7A1-6724-467D-A710-735E594B0D5A}.Release|Any CPU.Build.0 = Release|Any CPU
		{3B692961-5EE0-45E0-BDB4-132ADB1FED0E}.Debug|Any CPU.ActiveCfg = Debug|Any CPU
		{3B692961-5EE0-45E0-BDB4-132ADB1FED0E}.Debug|Any CPU.Build.0 = Debug|Any CPU
		{3B692961-5EE0-45E0-BDB4-132ADB1FED0E}.Release|Any CPU.ActiveCfg = Release|Any CPU
		{3B692961-5EE0-45E0-BDB4-132ADB1FED0E}.Release|Any CPU.Build.0 = Release|Any CPU
		{50599631-C198-44A3-BDC0-6F23F4603EE6}.Debug|Any CPU.ActiveCfg = Debug|Any CPU
		{50599631-C198-44A3-BDC0-6F23F4603EE6}.Debug|Any CPU.Build.0 = Debug|Any CPU
		{50599631-C198-44A3-BDC0-6F23F4603EE6}.Release|Any CPU.ActiveCfg = Release|Any CPU
		{50599631-C198-44A3-BDC0-6F23F4603EE6}.Release|Any CPU.Build.0 = Release|Any CPU
		{72602938-7E1D-4EB6-A242-CCBDF5779AB7}.Debug|Any CPU.ActiveCfg = Debug|Any CPU
		{72602938-7E1D-4EB6-A242-CCBDF5779AB7}.Debug|Any CPU.Build.0 = Debug|Any CPU
		{72602938-7E1D-4EB6-A242-CCBDF5779AB7}.Release|Any CPU.ActiveCfg = Release|Any CPU
		{72602938-7E1D-4EB6-A242-CCBDF5779AB7}.Release|Any CPU.Build.0 = Release|Any CPU
		{EACF71AF-BFA6-4979-AEEB-A6E59D6649A3}.Debug|Any CPU.ActiveCfg = Debug|Any CPU
		{EACF71AF-BFA6-4979-AEEB-A6E59D6649A3}.Debug|Any CPU.Build.0 = Debug|Any CPU
		{EACF71AF-BFA6-4979-AEEB-A6E59D6649A3}.Release|Any CPU.ActiveCfg = Release|Any CPU
		{EACF71AF-BFA6-4979-AEEB-A6E59D6649A3}.Release|Any CPU.Build.0 = Release|Any CPU
		{A0439848-968B-4092-BD13-30FB6378FD0A}.Debug|Any CPU.ActiveCfg = Debug|Any CPU
		{A0439848-968B-4092-BD13-30FB6378FD0A}.Debug|Any CPU.Build.0 = Debug|Any CPU
		{A0439848-968B-4092-BD13-30FB6378FD0A}.Release|Any CPU.ActiveCfg = Release|Any CPU
		{A0439848-968B-4092-BD13-30FB6378FD0A}.Release|Any CPU.Build.0 = Release|Any CPU
		{AF0B717A-E381-4A28-9410-9917126F508D}.Debug|Any CPU.ActiveCfg = Debug|Any CPU
		{AF0B717A-E381-4A28-9410-9917126F508D}.Debug|Any CPU.Build.0 = Debug|Any CPU
		{AF0B717A-E381-4A28-9410-9917126F508D}.Release|Any CPU.ActiveCfg = Release|Any CPU
		{AF0B717A-E381-4A28-9410-9917126F508D}.Release|Any CPU.Build.0 = Release|Any CPU
		{FFCD5812-9819-4262-B61E-BB11A30473EA}.Debug|Any CPU.ActiveCfg = Debug|Any CPU
		{FFCD5812-9819-4262-B61E-BB11A30473EA}.Debug|Any CPU.Build.0 = Debug|Any CPU
		{FFCD5812-9819-4262-B61E-BB11A30473EA}.Release|Any CPU.ActiveCfg = Release|Any CPU
		{FFCD5812-9819-4262-B61E-BB11A30473EA}.Release|Any CPU.Build.0 = Release|Any CPU
		{06FEDDD2-FA5E-43EC-8B66-187072184256}.Debug|Any CPU.ActiveCfg = Debug|Any CPU
		{06FEDDD2-FA5E-43EC-8B66-187072184256}.Debug|Any CPU.Build.0 = Debug|Any CPU
		{06FEDDD2-FA5E-43EC-8B66-187072184256}.Release|Any CPU.ActiveCfg = Release|Any CPU
		{06FEDDD2-FA5E-43EC-8B66-187072184256}.Release|Any CPU.Build.0 = Release|Any CPU
		{CB08FAF8-23F7-4768-8DA5-774ADFD34251}.Debug|Any CPU.ActiveCfg = Debug|Any CPU
		{CB08FAF8-23F7-4768-8DA5-774ADFD34251}.Debug|Any CPU.Build.0 = Debug|Any CPU
		{CB08FAF8-23F7-4768-8DA5-774ADFD34251}.Release|Any CPU.ActiveCfg = Release|Any CPU
		{CB08FAF8-23F7-4768-8DA5-774ADFD34251}.Release|Any CPU.Build.0 = Release|Any CPU
		{64C41EEB-288E-4590-AF58-911951C122D5}.Debug|Any CPU.ActiveCfg = Debug|Any CPU
		{64C41EEB-288E-4590-AF58-911951C122D5}.Debug|Any CPU.Build.0 = Debug|Any CPU
		{64C41EEB-288E-4590-AF58-911951C122D5}.Release|Any CPU.ActiveCfg = Release|Any CPU
		{64C41EEB-288E-4590-AF58-911951C122D5}.Release|Any CPU.Build.0 = Release|Any CPU
		{5E7FD045-6306-4449-AC05-12B6B22825DC}.Debug|Any CPU.ActiveCfg = Debug|Any CPU
		{5E7FD045-6306-4449-AC05-12B6B22825DC}.Debug|Any CPU.Build.0 = Debug|Any CPU
		{5E7FD045-6306-4449-AC05-12B6B22825DC}.Release|Any CPU.ActiveCfg = Release|Any CPU
		{5E7FD045-6306-4449-AC05-12B6B22825DC}.Release|Any CPU.Build.0 = Release|Any CPU
		{5CD26037-CA15-4DD5-9215-65C2CE201B2F}.Debug|Any CPU.ActiveCfg = Debug|Any CPU
		{5CD26037-CA15-4DD5-9215-65C2CE201B2F}.Debug|Any CPU.Build.0 = Debug|Any CPU
		{5CD26037-CA15-4DD5-9215-65C2CE201B2F}.Release|Any CPU.ActiveCfg = Release|Any CPU
		{5CD26037-CA15-4DD5-9215-65C2CE201B2F}.Release|Any CPU.Build.0 = Release|Any CPU
	EndGlobalSection
	GlobalSection(SolutionProperties) = preSolution
		HideSolutionNode = FALSE
	EndGlobalSection
	GlobalSection(NestedProjects) = preSolution
		{3553C4A8-A4F3-4B31-8435-B61D7DA8B7EC} = {02EA681E-C7D8-13C7-8484-4AC65E1B71E8}
		{19D15490-1BEE-456D-9FC1-2D1D86DA50A8} = {02EA681E-C7D8-13C7-8484-4AC65E1B71E8}
		{428D22C5-0AC9-43E5-9ACE-02B857300949} = {02EA681E-C7D8-13C7-8484-4AC65E1B71E8}
		{1C33704B-4BAD-4174-BD1B-939D1021BE3E} = {03C600D3-00D0-4174-9B2D-81BD166EAA0F}
		{910014C3-481F-4D78-BA14-36CC8B961AFA} = {03C600D3-00D0-4174-9B2D-81BD166EAA0F}
		{2D8A8D63-45D6-4947-88C8-9B623B9D5BE7} = {03C600D3-00D0-4174-9B2D-81BD166EAA0F}
		{FAF44784-65EB-4143-BC70-C8D1ADC28857} = {2559321B-4492-4AF8-A899-86E651F086CE}
		{93B4C534-FFA2-4D1E-BBAF-48B73511FAD5} = {2559321B-4492-4AF8-A899-86E651F086CE}
		{259FE7A1-6724-467D-A710-735E594B0D5A} = {2559321B-4492-4AF8-A899-86E651F086CE}
		{3B692961-5EE0-45E0-BDB4-132ADB1FED0E} = {3ECCC6E8-F115-4832-A122-271AB7F83FA9}
		{50599631-C198-44A3-BDC0-6F23F4603EE6} = {3ECCC6E8-F115-4832-A122-271AB7F83FA9}
		{72602938-7E1D-4EB6-A242-CCBDF5779AB7} = {3ECCC6E8-F115-4832-A122-271AB7F83FA9}
		{EACF71AF-BFA6-4979-AEEB-A6E59D6649A3} = {738C0A1A-B299-409D-97D6-E5ED6C3C1132}
		{A0439848-968B-4092-BD13-30FB6378FD0A} = {738C0A1A-B299-409D-97D6-E5ED6C3C1132}
		{AF0B717A-E381-4A28-9410-9917126F508D} = {738C0A1A-B299-409D-97D6-E5ED6C3C1132}
		{FFCD5812-9819-4262-B61E-BB11A30473EA} = {4EB768D7-7DF3-4C34-B9EA-7781A01DEE09}
		{06FEDDD2-FA5E-43EC-8B66-187072184256} = {4EB768D7-7DF3-4C34-B9EA-7781A01DEE09}
		{CB08FAF8-23F7-4768-8DA5-774ADFD34251} = {4EB768D7-7DF3-4C34-B9EA-7781A01DEE09}
		{64C41EEB-288E-4590-AF58-911951C122D5} = {AA743141-4E27-4447-8350-19B5707ED09D}
		{5E7FD045-6306-4449-AC05-12B6B22825DC} = {AA743141-4E27-4447-8350-19B5707ED09D}
		{5CD26037-CA15-4DD5-9215-65C2CE201B2F} = {AA743141-4E27-4447-8350-19B5707ED09D}
	EndGlobalSection
	GlobalSection(ExtensibilityGlobals) = postSolution
		SolutionGuid = {1DDB3CAB-9D8D-4DA6-BB2A-8EC78A1804AD}
	EndGlobalSection
EndGlobal
